
Microsoft Visual Studio Solution File, Format Version 12.00
# Visual Studio Version 16
VisualStudioVersion = 16.0.31410.357
MinimumVisualStudioVersion = 10.0.40219.1
Project("{FAE04EC0-301F-11D3-BF4B-00C04F79EFBC}") = "ConexionSQL", "ConexionSQL\ConexionSQL.csproj", "{C4B00930-4C42-4893-B61D-CF6883E4F94E}"
EndProject
Project("{FAE04EC0-301F-11D3-BF4B-00C04F79EFBC}") = "Facturacion", "Facturacion\Facturacion.csproj", "{55993A12-BBDD-4A4B-AD8E-C0A62F3898C3}"
EndProject
Project("{FAE04EC0-301F-11D3-BF4B-00C04F79EFBC}") = "Mantenimiento_Impuestos", "Mantenimiento_Impuestos\Mantenimiento_Impuestos.csproj", "{9DEEBED4-9CB8-46DD-BE00-C8F1C7B57F5A}"
EndProject
Project("{FAE04EC0-301F-11D3-BF4B-00C04F79EFBC}") = "Mantenimiento_Productos", "Mantenimiento_Productos\Mantenimiento_Productos.csproj", "{D4D65550-87BD-45B3-8324-16AA6F368E14}"
EndProject
Project("{FAE04EC0-301F-11D3-BF4B-00C04F79EFBC}") = "Mantenimiento_Clientes", "Mantenimiento_Clientes\Mantenimiento_Clientes.csproj", "{A10EDECB-DE89-45CE-B06A-8A74EF1D18FB}"
EndProject
Global
	GlobalSection(SolutionConfigurationPlatforms) = preSolution
		Debug|Any CPU = Debug|Any CPU
		Release|Any CPU = Release|Any CPU
	EndGlobalSection
	GlobalSection(ProjectConfigurationPlatforms) = postSolution
		{C4B00930-4C42-4893-B61D-CF6883E4F94E}.Debug|Any CPU.ActiveCfg = Debug|Any CPU
		{C4B00930-4C42-4893-B61D-CF6883E4F94E}.Debug|Any CPU.Build.0 = Debug|Any CPU
		{C4B00930-4C42-4893-B61D-CF6883E4F94E}.Release|Any CPU.ActiveCfg = Release|Any CPU
		{C4B00930-4C42-4893-B61D-CF6883E4F94E}.Release|Any CPU.Build.0 = Release|Any CPU
		{55993A12-BBDD-4A4B-AD8E-C0A62F3898C3}.Debug|Any CPU.ActiveCfg = Debug|Any CPU
		{55993A12-BBDD-4A4B-AD8E-C0A62F3898C3}.Debug|Any CPU.Build.0 = Debug|Any CPU
		{55993A12-BBDD-4A4B-AD8E-C0A62F3898C3}.Release|Any CPU.ActiveCfg = Release|Any CPU
		{55993A12-BBDD-4A4B-AD8E-C0A62F3898C3}.Release|Any CPU.Build.0 = Release|Any CPU
		{9DEEBED4-9CB8-46DD-BE00-C8F1C7B57F5A}.Debug|Any CPU.ActiveCfg = Debug|Any CPU
		{9DEEBED4-9CB8-46DD-BE00-C8F1C7B57F5A}.Debug|Any CPU.Build.0 = Debug|Any CPU
		{9DEEBED4-9CB8-46DD-BE00-C8F1C7B57F5A}.Release|Any CPU.ActiveCfg = Release|Any CPU
		{9DEEBED4-9CB8-46DD-BE00-C8F1C7B57F5A}.Release|Any CPU.Build.0 = Release|Any CPU
		{D4D65550-87BD-45B3-8324-16AA6F368E14}.Debug|Any CPU.ActiveCfg = Debug|Any CPU
		{D4D65550-87BD-45B3-8324-16AA6F368E14}.Debug|Any CPU.Build.0 = Debug|Any CPU
		{D4D65550-87BD-45B3-8324-16AA6F368E14}.Release|Any CPU.ActiveCfg = Release|Any CPU
		{D4D65550-87BD-45B3-8324-16AA6F368E14}.Release|Any CPU.Build.0 = Release|Any CPU
		{A10EDECB-DE89-45CE-B06A-8A74EF1D18FB}.Debug|Any CPU.ActiveCfg = Debug|Any CPU
		{A10EDECB-DE89-45CE-B06A-8A74EF1D18FB}.Debug|Any CPU.Build.0 = Debug|Any CPU
		{A10EDECB-DE89-45CE-B06A-8A74EF1D18FB}.Release|Any CPU.ActiveCfg = Release|Any CPU
		{A10EDECB-DE89-45CE-B06A-8A74EF1D18FB}.Release|Any CPU.Build.0 = Release|Any CPU
	EndGlobalSection
	GlobalSection(SolutionProperties) = preSolution
		HideSolutionNode = FALSE
	EndGlobalSection
	GlobalSection(ExtensibilityGlobals) = postSolution
		SolutionGuid = {857AF1C3-229E-4B1F-B230-8BA40141CB43}
	EndGlobalSection
EndGlobal
